using System;
using System.Globalization;

// Problem 1: Find Min and Max
class Program
{
    static int[] FindMinMax(int[] numbers)
    {
        int min = numbers[0]; 
        int max = numbers[0]; 

        for (int i = 1; i < numbers.Length; i++)
        {
            if (numbers[i] < min)
            {
                min = numbers[i];
            }
            if (numbers[i] > max)
            {
                max = numbers[i];
            }
        }
        return new int[] { min, max }; 
    }
}

// Problem 2: Absolute Sum
class Program2
{
    static int GetAbsSum(int[] numbers)
    {
        int sum = 0;

        foreach (int num in numbers)
        {
            sum += Math.Abs(num);
        }

        return sum;
    }
}

// Problem 3: Multiply By Length
class Program3
{
    static int[] MultiplyByLength(int[] numbers)
    {
        int length = numbers.Length;
        int[] result = new int[length];

        for (int i = 0; i < length; i++)
        {
            result[i] = numbers[i] * length;
        }

        return result;
    }
}

// Problem 4: Find the Smaller Number (as a string)
class Program4
{
    static string SmallerNum(string num1, string num2)
    {
        // Convert the strings to integers and compare them
        if (int.Parse(num1) < int.Parse(num2))
        {
            return num1;
        }
        return num2;
    }
}

// Problem 5: Count 'D' in a Sentence
class Program5
{
    static int CountDs(string sentence)
    {
        int count = 0;

        foreach (char c in sentence)
        {
            if (char.ToLower(c) == 'd') // Convert to lowercase and check if it's 'd'
            {
                count++;
            }
        }

        return count;
    }
}


